
Microsoft Visual Studio Solution File, Format Version 12.00
# Visual Studio Version 16
VisualStudioVersion = 16.0.31313.79
MinimumVisualStudioVersion = 10.0.40219.1
Project("{9A19103F-16F7-4668-BE54-9A1E7A4F7556}") = "LesBonsComptesFontLesBonsAmis", "LesBondComptesFontLesBonsAmis\LesBonsComptesFontLesBonsAmis.csproj", "{DBB57DB1-D7D9-4B34-AB9B-6D3C1B16F6A9}"
EndProject
Global
	GlobalSection(SolutionConfigurationPlatforms) = preSolution
		Debug|Any CPU = Debug|Any CPU
		Release|Any CPU = Release|Any CPU
	EndGlobalSection
	GlobalSection(ProjectConfigurationPlatforms) = postSolution
		{DBB57DB1-D7D9-4B34-AB9B-6D3C1B16F6A9}.Debug|Any CPU.ActiveCfg = Debug|Any CPU
		{DBB57DB1-D7D9-4B34-AB9B-6D3C1B16F6A9}.Debug|Any CPU.Build.0 = Debug|Any CPU
		{DBB57DB1-D7D9-4B34-AB9B-6D3C1B16F6A9}.Release|Any CPU.ActiveCfg = Release|Any CPU
		{DBB57DB1-D7D9-4B34-AB9B-6D3C1B16F6A9}.Release|Any CPU.Build.0 = Release|Any CPU
	EndGlobalSection
	GlobalSection(SolutionProperties) = preSolution
		HideSolutionNode = FALSE
	EndGlobalSection
	GlobalSection(ExtensibilityGlobals) = postSolution
		SolutionGuid = {8042137E-82DC-4572-9849-6436045F4D9A}
	EndGlobalSection
EndGlobal
